
Microsoft Visual Studio Solution File, Format Version 12.00
# Visual Studio Version 17
VisualStudioVersion = 17.0.31919.166
MinimumVisualStudioVersion = 10.0.40219.1
Project("{9A19103F-16F7-4668-BE54-9A1E7A4F7556}") = "KanbanBoard", "KanbanBoard.csproj", "{43A3E3F7-8D3D-45EB-8342-24D393BA2608}"
EndProject
Global
	GlobalSection(SolutionConfigurationPlatforms) = preSolution
		Debug|Any CPU = Debug|Any CPU
		Release|Any CPU = Release|Any CPU
	EndGlobalSection
	GlobalSection(ProjectConfigurationPlatforms) = postSolution
		{43A3E3F7-8D3D-45EB-8342-24D393BA2608}.Debug|Any CPU.ActiveCfg = Debug|Any CPU
		{43A3E3F7-8D3D-45EB-8342-24D393BA2608}.Debug|Any CPU.Build.0 = Debug|Any CPU
		{43A3E3F7-8D3D-45EB-8342-24D393BA2608}.Release|Any CPU.ActiveCfg = Release|Any CPU
		{43A3E3F7-8D3D-45EB-8342-24D393BA2608}.Release|Any CPU.Build.0 = Release|Any CPU
	EndGlobalSection
	GlobalSection(SolutionProperties) = preSolution
		HideSolutionNode = FALSE
	EndGlobalSection
	GlobalSection(ExtensibilityGlobals) = postSolution
		SolutionGuid = {55EDDBA0-31AC-4489-8F0E-16529682B3E3}
	EndGlobalSection
EndGlobal
